
Microsoft Visual Studio Solution File, Format Version 12.00
# Visual Studio Version 17
VisualStudioVersion = 17.11.35303.130
MinimumVisualStudioVersion = 10.0.40219.1
Project("{9A19103F-16F7-4668-BE54-9A1E7A4F7556}") = "Ejercicio1", "Ejercicios\Ejercicio1.csproj", "{BA548388-EFE3-493A-82ED-26414CA96520}"
EndProject
Project("{9A19103F-16F7-4668-BE54-9A1E7A4F7556}") = "Ejercicio2FlexLayout", "Ejercicio2FlexLayout\Ejercicio2FlexLayout.csproj", "{7E30E24C-7082-4220-900F-871B77CA4A4E}"
EndProject
Project("{9A19103F-16F7-4668-BE54-9A1E7A4F7556}") = "Ejercicio3AbsoluteLayout", "Ejercicio3AbsoluteLayout\Ejercicio3AbsoluteLayout.csproj", "{8C083C99-D1B9-4648-9B98-6F209D5538BD}"
EndProject
Project("{9A19103F-16F7-4668-BE54-9A1E7A4F7556}") = "Ejercicio4VariosLayout", "Ejercicio4VariosLayout\Ejercicio4VariosLayout.csproj", "{9A68161D-1B7A-4E07-B24F-4579EFBD9F80}"
EndProject
Project("{9A19103F-16F7-4668-BE54-9A1E7A4F7556}") = "Ejercicio5Listado", "Ejercicio5Listado\Ejercicio5Listado.csproj", "{B4B90B5A-656C-4CF2-9BEA-F7D1B5B0A8FE}"
EndProject
Project("{FAE04EC0-301F-11D3-BF4B-00C04F79EFBC}") = "BibliotecaClases", "BibliotecaClases\BibliotecaClases.csproj", "{2664DE58-2FC3-407F-A3AB-C43DA508CF56}"
EndProject
Global
	GlobalSection(SolutionConfigurationPlatforms) = preSolution
		Debug|Any CPU = Debug|Any CPU
		Release|Any CPU = Release|Any CPU
	EndGlobalSection
	GlobalSection(ProjectConfigurationPlatforms) = postSolution
		{BA548388-EFE3-493A-82ED-26414CA96520}.Debug|Any CPU.ActiveCfg = Debug|Any CPU
		{BA548388-EFE3-493A-82ED-26414CA96520}.Debug|Any CPU.Build.0 = Debug|Any CPU
		{BA548388-EFE3-493A-82ED-26414CA96520}.Debug|Any CPU.Deploy.0 = Debug|Any CPU
		{BA548388-EFE3-493A-82ED-26414CA96520}.Release|Any CPU.ActiveCfg = Release|Any CPU
		{BA548388-EFE3-493A-82ED-26414CA96520}.Release|Any CPU.Build.0 = Release|Any CPU
		{BA548388-EFE3-493A-82ED-26414CA96520}.Release|Any CPU.Deploy.0 = Release|Any CPU
		{7E30E24C-7082-4220-900F-871B77CA4A4E}.Debug|Any CPU.ActiveCfg = Debug|Any CPU
		{7E30E24C-7082-4220-900F-871B77CA4A4E}.Debug|Any CPU.Build.0 = Debug|Any CPU
		{7E30E24C-7082-4220-900F-871B77CA4A4E}.Debug|Any CPU.Deploy.0 = Debug|Any CPU
		{7E30E24C-7082-4220-900F-871B77CA4A4E}.Release|Any CPU.ActiveCfg = Release|Any CPU
		{7E30E24C-7082-4220-900F-871B77CA4A4E}.Release|Any CPU.Build.0 = Release|Any CPU
		{7E30E24C-7082-4220-900F-871B77CA4A4E}.Release|Any CPU.Deploy.0 = Release|Any CPU
		{8C083C99-D1B9-4648-9B98-6F209D5538BD}.Debug|Any CPU.ActiveCfg = Debug|Any CPU
		{8C083C99-D1B9-4648-9B98-6F209D5538BD}.Debug|Any CPU.Build.0 = Debug|Any CPU
		{8C083C99-D1B9-4648-9B98-6F209D5538BD}.Debug|Any CPU.Deploy.0 = Debug|Any CPU
		{8C083C99-D1B9-4648-9B98-6F209D5538BD}.Release|Any CPU.ActiveCfg = Release|Any CPU
		{8C083C99-D1B9-4648-9B98-6F209D5538BD}.Release|Any CPU.Build.0 = Release|Any CPU
		{8C083C99-D1B9-4648-9B98-6F209D5538BD}.Release|Any CPU.Deploy.0 = Release|Any CPU
		{9A68161D-1B7A-4E07-B24F-4579EFBD9F80}.Debug|Any CPU.ActiveCfg = Debug|Any CPU
		{9A68161D-1B7A-4E07-B24F-4579EFBD9F80}.Debug|Any CPU.Build.0 = Debug|Any CPU
		{9A68161D-1B7A-4E07-B24F-4579EFBD9F80}.Debug|Any CPU.Deploy.0 = Debug|Any CPU
		{9A68161D-1B7A-4E07-B24F-4579EFBD9F80}.Release|Any CPU.ActiveCfg = Release|Any CPU
		{9A68161D-1B7A-4E07-B24F-4579EFBD9F80}.Release|Any CPU.Build.0 = Release|Any CPU
		{9A68161D-1B7A-4E07-B24F-4579EFBD9F80}.Release|Any CPU.Deploy.0 = Release|Any CPU
		{B4B90B5A-656C-4CF2-9BEA-F7D1B5B0A8FE}.Debug|Any CPU.ActiveCfg = Debug|Any CPU
		{B4B90B5A-656C-4CF2-9BEA-F7D1B5B0A8FE}.Debug|Any CPU.Build.0 = Debug|Any CPU
		{B4B90B5A-656C-4CF2-9BEA-F7D1B5B0A8FE}.Debug|Any CPU.Deploy.0 = Debug|Any CPU
		{B4B90B5A-656C-4CF2-9BEA-F7D1B5B0A8FE}.Release|Any CPU.ActiveCfg = Release|Any CPU
		{B4B90B5A-656C-4CF2-9BEA-F7D1B5B0A8FE}.Release|Any CPU.Build.0 = Release|Any CPU
		{B4B90B5A-656C-4CF2-9BEA-F7D1B5B0A8FE}.Release|Any CPU.Deploy.0 = Release|Any CPU
		{2664DE58-2FC3-407F-A3AB-C43DA508CF56}.Debug|Any CPU.ActiveCfg = Debug|Any CPU
		{2664DE58-2FC3-407F-A3AB-C43DA508CF56}.Debug|Any CPU.Build.0 = Debug|Any CPU
		{2664DE58-2FC3-407F-A3AB-C43DA508CF56}.Release|Any CPU.ActiveCfg = Release|Any CPU
		{2664DE58-2FC3-407F-A3AB-C43DA508CF56}.Release|Any CPU.Build.0 = Release|Any CPU
	EndGlobalSection
	GlobalSection(SolutionProperties) = preSolution
		HideSolutionNode = FALSE
	EndGlobalSection
	GlobalSection(ExtensibilityGlobals) = postSolution
		SolutionGuid = {12F1D6D8-E20C-4671-BAE0-FC9E67C72E50}
	EndGlobalSection
EndGlobal
